// !$*UTF8*$!
{
	archiveVersion = 1;
	classes = {
	};
	objectVersion = 56;
	objects = {

/* Begin PBXBuildFile section */
		6F02FCB42A6D82F900613192 /* AddTaskView.swift in Sources */ = {isa = PBXBuildFile; fileRef = 6F02FCB32A6D82F900613192 /* AddTaskView.swift */; };
		6F11241D2ADD61EA00094003 /* TaskEntity+CoreDataClass.swift in Sources */ = {isa = PBXBuildFile; fileRef = 6F11241B2ADD61EA00094003 /* TaskEntity+CoreDataClass.swift */; };
		6F11241E2ADD61EA00094003 /* TaskEntity+CoreDataProperties.swift in Sources */ = {isa = PBXBuildFile; fileRef = 6F11241C2ADD61EA00094003 /* TaskEntity+CoreDataProperties.swift */; };
		6F1124222ADD628A00094003 /* TaskRepository.swift in Sources */ = {isa = PBXBuildFile; fileRef = 6F1124212ADD628A00094003 /* TaskRepository.swift */; };
		6F1FFB2B2ADFB04900EF3140 /* TaskViewModelFactory.swift in Sources */ = {isa = PBXBuildFile; fileRef = 6F1FFB2A2ADFB04900EF3140 /* TaskViewModelFactory.swift */; };
		6F2BABB62A66554500086188 /* MyTaskApp.swift in Sources */ = {isa = PBXBuildFile; fileRef = 6F2BABB52A66554500086188 /* MyTaskApp.swift */; };
		6F2BABBA2A66554600086188 /* Assets.xcassets in Resources */ = {isa = PBXBuildFile; fileRef = 6F2BABB92A66554600086188 /* Assets.xcassets */; };
		6F2BABBD2A66554600086188 /* Preview Assets.xcassets in Resources */ = {isa = PBXBuildFile; fileRef = 6F2BABBC2A66554600086188 /* Preview Assets.xcassets */; };
		6F2BABBF2A66554600086188 /* Persistence.swift in Sources */ = {isa = PBXBuildFile; fileRef = 6F2BABBE2A66554600086188 /* Persistence.swift */; };
		6F2BABC22A66554600086188 /* MyTask.xcdatamodeld in Sources */ = {isa = PBXBuildFile; fileRef = 6F2BABC02A66554600086188 /* MyTask.xcdatamodeld */; };
		6F2BABCC2A66554600086188 /* MyTaskTests.swift in Sources */ = {isa = PBXBuildFile; fileRef = 6F2BABCB2A66554600086188 /* MyTaskTests.swift */; };
		6F2BABD62A66554600086188 /* MyTaskUITests.swift in Sources */ = {isa = PBXBuildFile; fileRef = 6F2BABD52A66554600086188 /* MyTaskUITests.swift */; };
		6F2BABD82A66554600086188 /* MyTaskUITestsLaunchTests.swift in Sources */ = {isa = PBXBuildFile; fileRef = 6F2BABD72A66554600086188 /* MyTaskUITestsLaunchTests.swift */; };
		6F2BABE62A6655A400086188 /* Task.swift in Sources */ = {isa = PBXBuildFile; fileRef = 6F2BABE52A6655A400086188 /* Task.swift */; };
		6F2BABE92A665D8300086188 /* TaskViewModel.swift in Sources */ = {isa = PBXBuildFile; fileRef = 6F2BABE82A665D8300086188 /* TaskViewModel.swift */; };
		6F35826F2A683F03001AAF21 /* HomeView.swift in Sources */ = {isa = PBXBuildFile; fileRef = 6F35826E2A683F03001AAF21 /* HomeView.swift */; };
		6F3582722A6841DA001AAF21 /* DateExtension.swift in Sources */ = {isa = PBXBuildFile; fileRef = 6F3582712A6841DA001AAF21 /* DateExtension.swift */; };
		6F5B87D22A6ED858007EAD8D /* TaskDetailView.swift in Sources */ = {isa = PBXBuildFile; fileRef = 6F5B87D12A6ED858007EAD8D /* TaskDetailView.swift */; };
/* End PBXBuildFile section */

/* Begin PBXContainerItemProxy section */
		6F2BABC82A66554600086188 /* PBXContainerItemProxy */ = {
			isa = PBXContainerItemProxy;
			containerPortal = 6F2BABAA2A66554500086188 /* Project object */;
			proxyType = 1;
			remoteGlobalIDString = 6F2BABB12A66554500086188;
			remoteInfo = MyTask;
		};
		6F2BABD22A66554600086188 /* PBXContainerItemProxy */ = {
			isa = PBXContainerItemProxy;
			containerPortal = 6F2BABAA2A66554500086188 /* Project object */;
			proxyType = 1;
			remoteGlobalIDString = 6F2BABB12A66554500086188;
			remoteInfo = MyTask;
		};
/* End PBXContainerItemProxy section */

/* Begin PBXFileReference section */
		6F02FCB32A6D82F900613192 /* AddTaskView.swift */ = {isa = PBXFileReference; lastKnownFileType = sourcecode.swift; path = AddTaskView.swift; sourceTree = "<group>"; };
		6F11241B2ADD61EA00094003 /* TaskEntity+CoreDataClass.swift */ = {isa = PBXFileReference; lastKnownFileType = sourcecode.swift; path = "TaskEntity+CoreDataClass.swift"; sourceTree = "<group>"; };
		6F11241C2ADD61EA00094003 /* TaskEntity+CoreDataProperties.swift */ = {isa = PBXFileReference; lastKnownFileType = sourcecode.swift; path = "TaskEntity+CoreDataProperties.swift"; sourceTree = "<group>"; };
		6F1124212ADD628A00094003 /* TaskRepository.swift */ = {isa = PBXFileReference; lastKnownFileType = sourcecode.swift; path = TaskRepository.swift; sourceTree = "<group>"; };
		6F1FFB2A2ADFB04900EF3140 /* TaskViewModelFactory.swift */ = {isa = PBXFileReference; lastKnownFileType = sourcecode.swift; path = TaskViewModelFactory.swift; sourceTree = "<group>"; };
		6F2BABB22A66554500086188 /* MyTask.app */ = {isa = PBXFileReference; explicitFileType = wrapper.application; includeInIndex = 0; path = MyTask.app; sourceTree = BUILT_PRODUCTS_DIR; };
		6F2BABB52A66554500086188 /* MyTaskApp.swift */ = {isa = PBXFileReference; lastKnownFileType = sourcecode.swift; path = MyTaskApp.swift; sourceTree = "<group>"; };
		6F2BABB92A66554600086188 /* Assets.xcassets */ = {isa = PBXFileReference; lastKnownFileType = folder.assetcatalog; path = Assets.xcassets; sourceTree = "<group>"; };
		6F2BABBC2A66554600086188 /* Preview Assets.xcassets */ = {isa = PBXFileReference; lastKnownFileType = folder.assetcatalog; path = "Preview Assets.xcassets"; sourceTree = "<group>"; };
		6F2BABBE2A66554600086188 /* Persistence.swift */ = {isa = PBXFileReference; lastKnownFileType = sourcecode.swift; path = Persistence.swift; sourceTree = "<group>"; };
		6F2BABC12A66554600086188 /* MyTask.xcdatamodel */ = {isa = PBXFileReference; lastKnownFileType = wrapper.xcdatamodel; path = MyTask.xcdatamodel; sourceTree = "<group>"; };
		6F2BABC72A66554600086188 /* MyTaskTests.xctest */ = {isa = PBXFileReference; explicitFileType = wrapper.cfbundle; includeInIndex = 0; path = MyTaskTests.xctest; sourceTree = BUILT_PRODUCTS_DIR; };
		6F2BABCB2A66554600086188 /* MyTaskTests.swift */ = {isa = PBXFileReference; lastKnownFileType = sourcecode.swift; path = MyTaskTests.swift; sourceTree = "<group>"; };
		6F2BABD12A66554600086188 /* MyTaskUITests.xctest */ = {isa = PBXFileReference; explicitFileType = wrapper.cfbundle; includeInIndex = 0; path = MyTaskUITests.xctest; sourceTree = BUILT_PRODUCTS_DIR; };
		6F2BABD52A66554600086188 /* MyTaskUITests.swift */ = {isa = PBXFileReference; lastKnownFileType = sourcecode.swift; path = MyTaskUITests.swift; sourceTree = "<group>"; };
		6F2BABD72A66554600086188 /* MyTaskUITestsLaunchTests.swift */ = {isa = PBXFileReference; lastKnownFileType = sourcecode.swift; path = MyTaskUITestsLaunchTests.swift; sourceTree = "<group>"; };
		6F2BABE52A6655A400086188 /* Task.swift */ = {isa = PBXFileReference; lastKnownFileType = sourcecode.swift; path = Task.swift; sourceTree = "<group>"; };
		6F2BABE82A665D8300086188 /* TaskViewModel.swift */ = {isa = PBXFileReference; lastKnownFileType = sourcecode.swift; path = TaskViewModel.swift; sourceTree = "<group>"; };
		6F35826E2A683F03001AAF21 /* HomeView.swift */ = {isa = PBXFileReference; lastKnownFileType = sourcecode.swift; path = HomeView.swift; sourceTree = "<group>"; };
		6F3582712A6841DA001AAF21 /* DateExtension.swift */ = {isa = PBXFileReference; lastKnownFileType = sourcecode.swift; path = DateExtension.swift; sourceTree = "<group>"; };
		6F5B87D12A6ED858007EAD8D /* TaskDetailView.swift */ = {isa = PBXFileReference; lastKnownFileType = sourcecode.swift; path = TaskDetailView.swift; sourceTree = "<group>"; };
/* End PBXFileReference section */

/* Begin PBXFrameworksBuildPhase section */
		6F2BABAF2A66554500086188 /* Frameworks */ = {
			isa = PBXFrameworksBuildPhase;
			buildActionMask = 2147483647;
			files = (
			);
			runOnlyForDeploymentPostprocessing = 0;
		};
		6F2BABC42A66554600086188 /* Frameworks */ = {
			isa = PBXFrameworksBuildPhase;
			buildActionMask = 2147483647;
			files = (
			);
			runOnlyForDeploymentPostprocessing = 0;
		};
		6F2BABCE2A66554600086188 /* Frameworks */ = {
			isa = PBXFrameworksBuildPhase;
			buildActionMask = 2147483647;
			files = (
			);
			runOnlyForDeploymentPostprocessing = 0;
		};
/* End PBXFrameworksBuildPhase section */

/* Begin PBXGroup section */
		6F02FCB22A6D82E300613192 /* AddTaskView */ = {
			isa = PBXGroup;
			children = (
				6F02FCB32A6D82F900613192 /* AddTaskView.swift */,
			);
			path = AddTaskView;
			sourceTree = "<group>";
		};
		6F11241F2ADD61F300094003 /* CoreData Models */ = {
			isa = PBXGroup;
			children = (
				6F11241B2ADD61EA00094003 /* TaskEntity+CoreDataClass.swift */,
				6F11241C2ADD61EA00094003 /* TaskEntity+CoreDataProperties.swift */,
			);
			path = "CoreData Models";
			sourceTree = "<group>";
		};
		6F1124202ADD627300094003 /* Repository */ = {
			isa = PBXGroup;
			children = (
				6F1124212ADD628A00094003 /* TaskRepository.swift */,
			);
			path = Repository;
			sourceTree = "<group>";
		};
		6F2BABA92A66554500086188 = {
			isa = PBXGroup;
			children = (
				6F2BABB42A66554500086188 /* MyTask */,
				6F2BABCA2A66554600086188 /* MyTaskTests */,
				6F2BABD42A66554600086188 /* MyTaskUITests */,
				6F2BABB32A66554500086188 /* Products */,
			);
			sourceTree = "<group>";
		};
		6F2BABB32A66554500086188 /* Products */ = {
			isa = PBXGroup;
			children = (
				6F2BABB22A66554500086188 /* MyTask.app */,
				6F2BABC72A66554600086188 /* MyTaskTests.xctest */,
				6F2BABD12A66554600086188 /* MyTaskUITests.xctest */,
			);
			name = Products;
			sourceTree = "<group>";
		};
		6F2BABB42A66554500086188 /* MyTask */ = {
			isa = PBXGroup;
			children = (
				6F1124202ADD627300094003 /* Repository */,
				6F5B87D02A6ED846007EAD8D /* TaskDetailView */,
				6F02FCB22A6D82E300613192 /* AddTaskView */,
				6F3582702A6841CA001AAF21 /* Extensions */,
				6F35826D2A683EF2001AAF21 /* HomeView */,
				6F2BABE72A665D7100086188 /* ViewModel */,
				6F2BABE42A66559300086188 /* Model */,
				6F2BABB52A66554500086188 /* MyTaskApp.swift */,
				6F2BABB92A66554600086188 /* Assets.xcassets */,
				6F2BABBE2A66554600086188 /* Persistence.swift */,
				6F2BABC02A66554600086188 /* MyTask.xcdatamodeld */,
				6F2BABBB2A66554600086188 /* Preview Content */,
			);
			path = MyTask;
			sourceTree = "<group>";
		};
		6F2BABBB2A66554600086188 /* Preview Content */ = {
			isa = PBXGroup;
			children = (
				6F2BABBC2A66554600086188 /* Preview Assets.xcassets */,
			);
			path = "Preview Content";
			sourceTree = "<group>";
		};
		6F2BABCA2A66554600086188 /* MyTaskTests */ = {
			isa = PBXGroup;
			children = (
				6F2BABCB2A66554600086188 /* MyTaskTests.swift */,
			);
			path = MyTaskTests;
			sourceTree = "<group>";
		};
		6F2BABD42A66554600086188 /* MyTaskUITests */ = {
			isa = PBXGroup;
			children = (
				6F2BABD52A66554600086188 /* MyTaskUITests.swift */,
				6F2BABD72A66554600086188 /* MyTaskUITestsLaunchTests.swift */,
			);
			path = MyTaskUITests;
			sourceTree = "<group>";
		};
		6F2BABE42A66559300086188 /* Model */ = {
			isa = PBXGroup;
			children = (
				6F11241F2ADD61F300094003 /* CoreData Models */,
				6F2BABE52A6655A400086188 /* Task.swift */,
			);
			path = Model;
			sourceTree = "<group>";
		};
		6F2BABE72A665D7100086188 /* ViewModel */ = {
			isa = PBXGroup;
			children = (
				6F2BABE82A665D8300086188 /* TaskViewModel.swift */,
				6F1FFB2A2ADFB04900EF3140 /* TaskViewModelFactory.swift */,
			);
			path = ViewModel;
			sourceTree = "<group>";
		};
		6F35826D2A683EF2001AAF21 /* HomeView */ = {
			isa = PBXGroup;
			children = (
				6F35826E2A683F03001AAF21 /* HomeView.swift */,
			);
			path = HomeView;
			sourceTree = "<group>";
		};
		6F3582702A6841CA001AAF21 /* Extensions */ = {
			isa = PBXGroup;
			children = (
				6F3582712A6841DA001AAF21 /* DateExtension.swift */,
			);
			path = Extensions;
			sourceTree = "<group>";
		};
		6F5B87D02A6ED846007EAD8D /* TaskDetailView */ = {
			isa = PBXGroup;
			children = (
				6F5B87D12A6ED858007EAD8D /* TaskDetailView.swift */,
			);
			path = TaskDetailView;
			sourceTree = "<group>";
		};
/* End PBXGroup section */

/* Begin PBXNativeTarget section */
		6F2BABB12A66554500086188 /* MyTask */ = {
			isa = PBXNativeTarget;
			buildConfigurationList = 6F2BABDB2A66554600086188 /* Build configuration list for PBXNativeTarget "MyTask" */;
			buildPhases = (
				6F2BABAE2A66554500086188 /* Sources */,
				6F2BABAF2A66554500086188 /* Frameworks */,
				6F2BABB02A66554500086188 /* Resources */,
			);
			buildRules = (
			);
			dependencies = (
			);
			name = MyTask;
			productName = MyTask;
			productReference = 6F2BABB22A66554500086188 /* MyTask.app */;
			productType = "com.apple.product-type.application";
		};
		6F2BABC62A66554600086188 /* MyTaskTests */ = {
			isa = PBXNativeTarget;
			buildConfigurationList = 6F2BABDE2A66554600086188 /* Build configuration list for PBXNativeTarget "MyTaskTests" */;
			buildPhases = (
				6F2BABC32A66554600086188 /* Sources */,
				6F2BABC42A66554600086188 /* Frameworks */,
				6F2BABC52A66554600086188 /* Resources */,
			);
			buildRules = (
			);
			dependencies = (
				6F2BABC92A66554600086188 /* PBXTargetDependency */,
			);
			name = MyTaskTests;
			productName = MyTaskTests;
			productReference = 6F2BABC72A66554600086188 /* MyTaskTests.xctest */;
			productType = "com.apple.product-type.bundle.unit-test";
		};
		6F2BABD02A66554600086188 /* MyTaskUITests */ = {
			isa = PBXNativeTarget;
			buildConfigurationList = 6F2BABE12A66554600086188 /* Build configuration list for PBXNativeTarget "MyTaskUITests" */;
			buildPhases = (
				6F2BABCD2A66554600086188 /* Sources */,
				6F2BABCE2A66554600086188 /* Frameworks */,
				6F2BABCF2A66554600086188 /* Resources */,
			);
			buildRules = (
			);
			dependencies = (
				6F2BABD32A66554600086188 /* PBXTargetDependency */,
			);
			name = MyTaskUITests;
			productName = MyTaskUITests;
			productReference = 6F2BABD12A66554600086188 /* MyTaskUITests.xctest */;
			productType = "com.apple.product-type.bundle.ui-testing";
		};
/* End PBXNativeTarget section */

/* Begin PBXProject section */
		6F2BABAA2A66554500086188 /* Project object */ = {
			isa = PBXProject;
			attributes = {
				BuildIndependentTargetsInParallel = 1;
				LastSwiftUpdateCheck = 1430;
				LastUpgradeCheck = 1430;
				TargetAttributes = {
					6F2BABB12A66554500086188 = {
						CreatedOnToolsVersion = 14.3;
					};
					6F2BABC62A66554600086188 = {
						CreatedOnToolsVersion = 14.3;
						TestTargetID = 6F2BABB12A66554500086188;
					};
					6F2BABD02A66554600086188 = {
						CreatedOnToolsVersion = 14.3;
						TestTargetID = 6F2BABB12A66554500086188;
					};
				};
			};
			buildConfigurationList = 6F2BABAD2A66554500086188 /* Build configuration list for PBXProject "MyTask" */;
			compatibilityVersion = "Xcode 14.0";
			developmentRegion = en;
			hasScannedForEncodings = 0;
			knownRegions = (
				en,
				Base,
			);
			mainGroup = 6F2BABA92A66554500086188;
			productRefGroup = 6F2BABB32A66554500086188 /* Products */;
			projectDirPath = "";
			projectRoot = "";
			targets = (
				6F2BABB12A66554500086188 /* MyTask */,
				6F2BABC62A66554600086188 /* MyTaskTests */,
				6F2BABD02A66554600086188 /* MyTaskUITests */,
			);
		};
/* End PBXProject section */

/* Begin PBXResourcesBuildPhase section */
		6F2BABB02A66554500086188 /* Resources */ = {
			isa = PBXResourcesBuildPhase;
			buildActionMask = 2147483647;
			files = (
				6F2BABBD2A66554600086188 /* Preview Assets.xcassets in Resources */,
				6F2BABBA2A66554600086188 /* Assets.xcassets in Resources */,
			);
			runOnlyForDeploymentPostprocessing = 0;
		};
		6F2BABC52A66554600086188 /* Resources */ = {
			isa = PBXResourcesBuildPhase;
			buildActionMask = 2147483647;
			files = (
			);
			runOnlyForDeploymentPostprocessing = 0;
		};
		6F2BABCF2A66554600086188 /* Resources */ = {
			isa = PBXResourcesBuildPhase;
			buildActionMask = 2147483647;
			files = (
			);
			runOnlyForDeploymentPostprocessing = 0;
		};
/* End PBXResourcesBuildPhase section */

/* Begin PBXSourcesBuildPhase section */
		6F2BABAE2A66554500086188 /* Sources */ = {
			isa = PBXSourcesBuildPhase;
			buildActionMask = 2147483647;
			files = (
				6F2BABE62A6655A400086188 /* Task.swift in Sources */,
				6F3582722A6841DA001AAF21 /* DateExtension.swift in Sources */,
				6F2BABC22A66554600086188 /* MyTask.xcdatamodeld in Sources */,
				6F02FCB42A6D82F900613192 /* AddTaskView.swift in Sources */,
				6F11241E2ADD61EA00094003 /* TaskEntity+CoreDataProperties.swift in Sources */,
				6F2BABBF2A66554600086188 /* Persistence.swift in Sources */,
				6F1FFB2B2ADFB04900EF3140 /* TaskViewModelFactory.swift in Sources */,
				6F1124222ADD628A00094003 /* TaskRepository.swift in Sources */,
				6F35826F2A683F03001AAF21 /* HomeView.swift in Sources */,
				6F2BABE92A665D8300086188 /* TaskViewModel.swift in Sources */,
				6F2BABB62A66554500086188 /* MyTaskApp.swift in Sources */,
				6F5B87D22A6ED858007EAD8D /* TaskDetailView.swift in Sources */,
				6F11241D2ADD61EA00094003 /* TaskEntity+CoreDataClass.swift in Sources */,
			);
			runOnlyForDeploymentPostprocessing = 0;
		};
		6F2BABC32A66554600086188 /* Sources */ = {
			isa = PBXSourcesBuildPhase;
			buildActionMask = 2147483647;
			files = (
				6F2BABCC2A66554600086188 /* MyTaskTests.swift in Sources */,
			);
			runOnlyForDeploymentPostprocessing = 0;
		};
		6F2BABCD2A66554600086188 /* Sources */ = {
			isa = PBXSourcesBuildPhase;
			buildActionMask = 2147483647;
			files = (
				6F2BABD62A66554600086188 /* MyTaskUITests.swift in Sources */,
				6F2BABD82A66554600086188 /* MyTaskUITestsLaunchTests.swift in Sources */,
			);
			runOnlyForDeploymentPostprocessing = 0;
		};
/* End PBXSourcesBuildPhase section */

/* Begin PBXTargetDependency section */
		6F2BABC92A66554600086188 /* PBXTargetDependency */ = {
			isa = PBXTargetDependency;
			target = 6F2BABB12A66554500086188 /* MyTask */;
			targetProxy = 6F2BABC82A66554600086188 /* PBXContainerItemProxy */;
		};
		6F2BABD32A66554600086188 /* PBXTargetDependency */ = {
			isa = PBXTargetDependency;
			target = 6F2BABB12A66554500086188 /* MyTask */;
			targetProxy = 6F2BABD22A66554600086188 /* PBXContainerItemProxy */;
		};
/* End PBXTargetDependency section */

/* Begin XCBuildConfiguration section */
		6F2BABD92A66554600086188 /* Debug */ = {
			isa = XCBuildConfiguration;
			buildSettings = {
				ALWAYS_SEARCH_USER_PATHS = NO;
				CLANG_ANALYZER_NONNULL = YES;
				CLANG_ANALYZER_NUMBER_OBJECT_CONVERSION = YES_AGGRESSIVE;
				CLANG_CXX_LANGUAGE_STANDARD = "gnu++20";
				CLANG_ENABLE_MODULES = YES;
				CLANG_ENABLE_OBJC_ARC = YES;
				CLANG_ENABLE_OBJC_WEAK = YES;
				CLANG_WARN_BLOCK_CAPTURE_AUTORELEASING = YES;
				CLANG_WARN_BOOL_CONVERSION = YES;
				CLANG_WARN_COMMA = YES;
				CLANG_WARN_CONSTANT_CONVERSION = YES;
				CLANG_WARN_DEPRECATED_OBJC_IMPLEMENTATIONS = YES;
				CLANG_WARN_DIRECT_OBJC_ISA_USAGE = YES_ERROR;
				CLANG_WARN_DOCUMENTATION_COMMENTS = YES;
				CLANG_WARN_EMPTY_BODY = YES;
				CLANG_WARN_ENUM_CONVERSION = YES;
				CLANG_WARN_INFINITE_RECURSION = YES;
				CLANG_WARN_INT_CONVERSION = YES;
				CLANG_WARN_NON_LITERAL_NULL_CONVERSION = YES;
				CLANG_WARN_OBJC_IMPLICIT_RETAIN_SELF = YES;
				CLANG_WARN_OBJC_LITERAL_CONVERSION = YES;
				CLANG_WARN_OBJC_ROOT_CLASS = YES_ERROR;
				CLANG_WARN_QUOTED_INCLUDE_IN_FRAMEWORK_HEADER = YES;
				CLANG_WARN_RANGE_LOOP_ANALYSIS = YES;
				CLANG_WARN_STRICT_PROTOTYPES = YES;
				CLANG_WARN_SUSPICIOUS_MOVE = YES;
				CLANG_WARN_UNGUARDED_AVAILABILITY = YES_AGGRESSIVE;
				CLANG_WARN_UNREACHABLE_CODE = YES;
				CLANG_WARN__DUPLICATE_METHOD_MATCH = YES;
				COPY_PHASE_STRIP = NO;
				DEBUG_INFORMATION_FORMAT = dwarf;
				ENABLE_STRICT_OBJC_MSGSEND = YES;
				ENABLE_TESTABILITY = YES;
				GCC_C_LANGUAGE_STANDARD = gnu11;
				GCC_DYNAMIC_NO_PIC = NO;
				GCC_NO_COMMON_BLOCKS = YES;
				GCC_OPTIMIZATION_LEVEL = 0;
				GCC_PREPROCESSOR_DEFINITIONS = (
					"DEBUG=1",
					"$(inherited)",
				);
				GCC_WARN_64_TO_32_BIT_CONVERSION = YES;
				GCC_WARN_ABOUT_RETURN_TYPE = YES_ERROR;
				GCC_WARN_UNDECLARED_SELECTOR = YES;
				GCC_WARN_UNINITIALIZED_AUTOS = YES_AGGRESSIVE;
				GCC_WARN_UNUSED_FUNCTION = YES;
				GCC_WARN_UNUSED_VARIABLE = YES;
				IPHONEOS_DEPLOYMENT_TARGET = 16.4;
				MTL_ENABLE_DEBUG_INFO = INCLUDE_SOURCE;
				MTL_FAST_MATH = YES;
				ONLY_ACTIVE_ARCH = YES;
				SDKROOT = iphoneos;
				SWIFT_ACTIVE_COMPILATION_CONDITIONS = DEBUG;
				SWIFT_OPTIMIZATION_LEVEL = "-Onone";
			};
			name = Debug;
		};
		6F2BABDA2A66554600086188 /* Release */ = {
			isa = XCBuildConfiguration;
			buildSettings = {
				ALWAYS_SEARCH_USER_PATHS = NO;
				CLANG_ANALYZER_NONNULL = YES;
				CLANG_ANALYZER_NUMBER_OBJECT_CONVERSION = YES_AGGRESSIVE;
				CLANG_CXX_LANGUAGE_STANDARD = "gnu++20";
				CLANG_ENABLE_MODULES = YES;
				CLANG_ENABLE_OBJC_ARC = YES;
				CLANG_ENABLE_OBJC_WEAK = YES;
				CLANG_WARN_BLOCK_CAPTURE_AUTORELEASING = YES;
				CLANG_WARN_BOOL_CONVERSION = YES;
				CLANG_WARN_COMMA = YES;
				CLANG_WARN_CONSTANT_CONVERSION = YES;
				CLANG_WARN_DEPRECATED_OBJC_IMPLEMENTATIONS = YES;
				CLANG_WARN_DIRECT_OBJC_ISA_USAGE = YES_ERROR;
				CLANG_WARN_DOCUMENTATION_COMMENTS = YES;
				CLANG_WARN_EMPTY_BODY = YES;
				CLANG_WARN_ENUM_CONVERSION = YES;
				CLANG_WARN_INFINITE_RECURSION = YES;
				CLANG_WARN_INT_CONVERSION = YES;
				CLANG_WARN_NON_LITERAL_NULL_CONVERSION = YES;
				CLANG_WARN_OBJC_IMPLICIT_RETAIN_SELF = YES;
				CLANG_WARN_OBJC_LITERAL_CONVERSION = YES;
				CLANG_WARN_OBJC_ROOT_CLASS = YES_ERROR;
				CLANG_WARN_QUOTED_INCLUDE_IN_FRAMEWORK_HEADER = YES;
				CLANG_WARN_RANGE_LOOP_ANALYSIS = YES;
				CLANG_WARN_STRICT_PROTOTYPES = YES;
				CLANG_WARN_SUSPICIOUS_MOVE = YES;
				CLANG_WARN_UNGUARDED_AVAILABILITY = YES_AGGRESSIVE;
				CLANG_WARN_UNREACHABLE_CODE = YES;
				CLANG_WARN__DUPLICATE_METHOD_MATCH = YES;
				COPY_PHASE_STRIP = NO;
				DEBUG_INFORMATION_FORMAT = "dwarf-with-dsym";
				ENABLE_NS_ASSERTIONS = NO;
				ENABLE_STRICT_OBJC_MSGSEND = YES;
				GCC_C_LANGUAGE_STANDARD = gnu11;
				GCC_NO_COMMON_BLOCKS = YES;
				GCC_WARN_64_TO_32_BIT_CONVERSION = YES;
				GCC_WARN_ABOUT_RETURN_TYPE = YES_ERROR;
				GCC_WARN_UNDECLARED_SELECTOR = YES;
				GCC_WARN_UNINITIALIZED_AUTOS = YES_AGGRESSIVE;
				GCC_WARN_UNUSED_FUNCTION = YES;
				GCC_WARN_UNUSED_VARIABLE = YES;
				IPHONEOS_DEPLOYMENT_TARGET = 16.4;
				MTL_ENABLE_DEBUG_INFO = NO;
				MTL_FAST_MATH = YES;
				SDKROOT = iphoneos;
				SWIFT_COMPILATION_MODE = wholemodule;
				SWIFT_OPTIMIZATION_LEVEL = "-O";
				VALIDATE_PRODUCT = YES;
			};
			name = Release;
		};
		6F2BABDC2A66554600086188 /* Debug */ = {
			isa = XCBuildConfiguration;
			buildSettings = {
				ASSETCATALOG_COMPILER_APPICON_NAME = AppIcon;
				ASSETCATALOG_COMPILER_GLOBAL_ACCENT_COLOR_NAME = AccentColor;
				CODE_SIGN_STYLE = Automatic;
				CURRENT_PROJECT_VERSION = 1;
				DEVELOPMENT_ASSET_PATHS = "\"MyTask/Preview Content\"";
				ENABLE_PREVIEWS = YES;
				GENERATE_INFOPLIST_FILE = YES;
				INFOPLIST_KEY_UIApplicationSceneManifest_Generation = YES;
				INFOPLIST_KEY_UIApplicationSupportsIndirectInputEvents = YES;
				INFOPLIST_KEY_UILaunchScreen_Generation = YES;
				INFOPLIST_KEY_UISupportedInterfaceOrientations_iPad = "UIInterfaceOrientationPortrait UIInterfaceOrientationPortraitUpsideDown UIInterfaceOrientationLandscapeLeft UIInterfaceOrientationLandscapeRight";
				INFOPLIST_KEY_UISupportedInterfaceOrientations_iPhone = "UIInterfaceOrientationPortrait UIInterfaceOrientationLandscapeLeft UIInterfaceOrientationLandscapeRight";
				LD_RUNPATH_SEARCH_PATHS = (
					"$(inherited)",
					"@executable_path/Frameworks",
				);
				MARKETING_VERSION = 1.0;
				PRODUCT_BUNDLE_IDENTIFIER = com.test.MyTask;
				PRODUCT_NAME = "$(TARGET_NAME)";
				SWIFT_EMIT_LOC_STRINGS = YES;
				SWIFT_VERSION = 5.0;
				TARGETED_DEVICE_FAMILY = "1,2";
			};
			name = Debug;
		};
		6F2BABDD2A66554600086188 /* Release */ = {
			isa = XCBuildConfiguration;
			buildSettings = {
				ASSETCATALOG_COMPILER_APPICON_NAME = AppIcon;
				ASSETCATALOG_COMPILER_GLOBAL_ACCENT_COLOR_NAME = AccentColor;
				CODE_SIGN_STYLE = Automatic;
				CURRENT_PROJECT_VERSION = 1;
				DEVELOPMENT_ASSET_PATHS = "\"MyTask/Preview Content\"";
				ENABLE_PREVIEWS = YES;
				GENERATE_INFOPLIST_FILE = YES;
				INFOPLIST_KEY_UIApplicationSceneManifest_Generation = YES;
				INFOPLIST_KEY_UIApplicationSupportsIndirectInputEvents = YES;
				INFOPLIST_KEY_UILaunchScreen_Generation = YES;
				INFOPLIST_KEY_UISupportedInterfaceOrientations_iPad = "UIInterfaceOrientationPortrait UIInterfaceOrientationPortraitUpsideDown UIInterfaceOrientationLandscapeLeft UIInterfaceOrientationLandscapeRight";
				INFOPLIST_KEY_UISupportedInterfaceOrientations_iPhone = "UIInterfaceOrientationPortrait UIInterfaceOrientationLandscapeLeft UIInterfaceOrientationLandscapeRight";
				LD_RUNPATH_SEARCH_PATHS = (
					"$(inherited)",
					"@executable_path/Frameworks",
				);
				MARKETING_VERSION = 1.0;
				PRODUCT_BUNDLE_IDENTIFIER = com.test.MyTask;
				PRODUCT_NAME = "$(TARGET_NAME)";
				SWIFT_EMIT_LOC_STRINGS = YES;
				SWIFT_VERSION = 5.0;
				TARGETED_DEVICE_FAMILY = "1,2";
			};
			name = Release;
		};
		6F2BABDF2A66554600086188 /* Debug */ = {
			isa = XCBuildConfiguration;
			buildSettings = {
				ALWAYS_EMBED_SWIFT_STANDARD_LIBRARIES = YES;
				BUNDLE_LOADER = "$(TEST_HOST)";
				CODE_SIGN_STYLE = Automatic;
				CURRENT_PROJECT_VERSION = 1;
				GENERATE_INFOPLIST_FILE = YES;
				IPHONEOS_DEPLOYMENT_TARGET = 16.4;
				MARKETING_VERSION = 1.0;
				PRODUCT_BUNDLE_IDENTIFIER = com.test.MyTaskTests;
				PRODUCT_NAME = "$(TARGET_NAME)";
				SWIFT_EMIT_LOC_STRINGS = NO;
				SWIFT_VERSION = 5.0;
				TARGETED_DEVICE_FAMILY = "1,2";
				TEST_HOST = "$(BUILT_PRODUCTS_DIR)/MyTask.app/$(BUNDLE_EXECUTABLE_FOLDER_PATH)/MyTask";
			};
			name = Debug;
		};
		6F2BABE02A66554600086188 /* Release */ = {
			isa = XCBuildConfiguration;
			buildSettings = {
				ALWAYS_EMBED_SWIFT_STANDARD_LIBRARIES = YES;
				BUNDLE_LOADER = "$(TEST_HOST)";
				CODE_SIGN_STYLE = Automatic;
				CURRENT_PROJECT_VERSION = 1;
				GENERATE_INFOPLIST_FILE = YES;
				IPHONEOS_DEPLOYMENT_TARGET = 16.4;
				MARKETING_VERSION = 1.0;
				PRODUCT_BUNDLE_IDENTIFIER = com.test.MyTaskTests;
				PRODUCT_NAME = "$(TARGET_NAME)";
				SWIFT_EMIT_LOC_STRINGS = NO;
				SWIFT_VERSION = 5.0;
				TARGETED_DEVICE_FAMILY = "1,2";
				TEST_HOST = "$(BUILT_PRODUCTS_DIR)/MyTask.app/$(BUNDLE_EXECUTABLE_FOLDER_PATH)/MyTask";
			};
			name = Release;
		};
		6F2BABE22A66554600086188 /* Debug */ = {
			isa = XCBuildConfiguration;
			buildSettings = {
				ALWAYS_EMBED_SWIFT_STANDARD_LIBRARIES = YES;
				CODE_SIGN_STYLE = Automatic;
				CURRENT_PROJECT_VERSION = 1;
				GENERATE_INFOPLIST_FILE = YES;
				MARKETING_VERSION = 1.0;
				PRODUCT_BUNDLE_IDENTIFIER = com.test.MyTaskUITests;
				PRODUCT_NAME = "$(TARGET_NAME)";
				SWIFT_EMIT_LOC_STRINGS = NO;
				SWIFT_VERSION = 5.0;
				TARGETED_DEVICE_FAMILY = "1,2";
				TEST_TARGET_NAME = MyTask;
			};
			name = Debug;
		};
		6F2BABE32A66554600086188 /* Release */ = {
			isa = XCBuildConfiguration;
			buildSettings = {
				ALWAYS_EMBED_SWIFT_STANDARD_LIBRARIES = YES;
				CODE_SIGN_STYLE = Automatic;
				CURRENT_PROJECT_VERSION = 1;
				GENERATE_INFOPLIST_FILE = YES;
				MARKETING_VERSION = 1.0;
				PRODUCT_BUNDLE_IDENTIFIER = com.test.MyTaskUITests;
				PRODUCT_NAME = "$(TARGET_NAME)";
				SWIFT_EMIT_LOC_STRINGS = NO;
				SWIFT_VERSION = 5.0;
				TARGETED_DEVICE_FAMILY = "1,2";
				TEST_TARGET_NAME = MyTask;
			};
			name = Release;
		};
/* End XCBuildConfiguration section */

/* Begin XCConfigurationList section */
		6F2BABAD2A66554500086188 /* Build configuration list for PBXProject "MyTask" */ = {
			isa = XCConfigurationList;
			buildConfigurations = (
				6F2BABD92A66554600086188 /* Debug */,
				6F2BABDA2A66554600086188 /* Release */,
			);
			defaultConfigurationIsVisible = 0;
			defaultConfigurationName = Release;
		};
		6F2BABDB2A66554600086188 /* Build configuration list for PBXNativeTarget "MyTask" */ = {
			isa = XCConfigurationList;
			buildConfigurations = (
				6F2BABDC2A66554600086188 /* Debug */,
				6F2BABDD2A66554600086188 /* Release */,
			);
			defaultConfigurationIsVisible = 0;
			defaultConfigurationName = Release;
		};
		6F2BABDE2A66554600086188 /* Build configuration list for PBXNativeTarget "MyTaskTests" */ = {
			isa = XCConfigurationList;
			buildConfigurations = (
				6F2BABDF2A66554600086188 /* Debug */,
				6F2BABE02A66554600086188 /* Release */,
			);
			defaultConfigurationIsVisible = 0;
			defaultConfigurationName = Release;
		};
		6F2BABE12A66554600086188 /* Build configuration list for PBXNativeTarget "MyTaskUITests" */ = {
			isa = XCConfigurationList;
			buildConfigurations = (
				6F2BABE22A66554600086188 /* Debug */,
				6F2BABE32A66554600086188 /* Release */,
			);
			defaultConfigurationIsVisible = 0;
			defaultConfigurationName = Release;
		};
/* End XCConfigurationList section */

/* Begin XCVersionGroup section */
		6F2BABC02A66554600086188 /* MyTask.xcdatamodeld */ = {
			isa = XCVersionGroup;
			children = (
				6F2BABC12A66554600086188 /* MyTask.xcdatamodel */,
			);
			currentVersion = 6F2BABC12A66554600086188 /* MyTask.xcdatamodel */;
			path = MyTask.xcdatamodeld;
			sourceTree = "<group>";
			versionGroupType = wrapper.xcdatamodel;
		};
/* End XCVersionGroup section */
	};
	rootObject = 6F2BABAA2A66554500086188 /* Project object */;
}
